
Microsoft Visual Studio Solution File, Format Version 12.00
# Visual Studio Version 17
VisualStudioVersion = 17.8.34322.80
MinimumVisualStudioVersion = 10.0.40219.1
Project("{9A19103F-16F7-4668-BE54-9A1E7A4F7556}") = "SistemaVenta.Entity", "SistemaVenta.Entity\SistemaVenta.Entity.csproj", "{74245596-F3A1-4C20-98AF-B4D67F78D482}"
EndProject
Project("{9A19103F-16F7-4668-BE54-9A1E7A4F7556}") = "SistemaVenta.DAL", "SistemaVenta.DAL\SistemaVenta.DAL.csproj", "{073DDE05-8F2E-4D8A-8C53-5089938926B8}"
EndProject
Project("{9A19103F-16F7-4668-BE54-9A1E7A4F7556}") = "SistemaVenta.BLL", "SistemaVenta.BLL\SistemaVenta.BLL.csproj", "{42CC6EA6-ACFC-4826-8336-EFAC44ED4157}"
EndProject
Project("{9A19103F-16F7-4668-BE54-9A1E7A4F7556}") = "SistemaVenta.IOC", "SistemaVenta.IOC\SistemaVenta.IOC.csproj", "{53B984C2-8F9D-46CC-8098-7FDE889B822F}"
EndProject
Project("{9A19103F-16F7-4668-BE54-9A1E7A4F7556}") = "SistemaVenta.AplicacionWeb", "SistemaVenta.AplicacionWeb\SistemaVenta.AplicacionWeb.csproj", "{0AC49613-1F37-4517-B4F8-F0B134A9AB07}"
EndProject
Project("{FAE04EC0-301F-11D3-BF4B-00C04F79EFBC}") = "SistemaVenta.Test", "SistemaVenta.Test\SistemaVenta.Test.csproj", "{1B216B8A-2D63-420B-8218-C4E322515F7B}"
EndProject
Global
	GlobalSection(SolutionConfigurationPlatforms) = preSolution
		Debug|Any CPU = Debug|Any CPU
		Release|Any CPU = Release|Any CPU
	EndGlobalSection
	GlobalSection(ProjectConfigurationPlatforms) = postSolution
		{74245596-F3A1-4C20-98AF-B4D67F78D482}.Debug|Any CPU.ActiveCfg = Debug|Any CPU
		{74245596-F3A1-4C20-98AF-B4D67F78D482}.Debug|Any CPU.Build.0 = Debug|Any CPU
		{74245596-F3A1-4C20-98AF-B4D67F78D482}.Release|Any CPU.ActiveCfg = Release|Any CPU
		{74245596-F3A1-4C20-98AF-B4D67F78D482}.Release|Any CPU.Build.0 = Release|Any CPU
		{073DDE05-8F2E-4D8A-8C53-5089938926B8}.Debug|Any CPU.ActiveCfg = Debug|Any CPU
		{073DDE05-8F2E-4D8A-8C53-5089938926B8}.Debug|Any CPU.Build.0 = Debug|Any CPU
		{073DDE05-8F2E-4D8A-8C53-5089938926B8}.Release|Any CPU.ActiveCfg = Release|Any CPU
		{073DDE05-8F2E-4D8A-8C53-5089938926B8}.Release|Any CPU.Build.0 = Release|Any CPU
		{42CC6EA6-ACFC-4826-8336-EFAC44ED4157}.Debug|Any CPU.ActiveCfg = Debug|Any CPU
		{42CC6EA6-ACFC-4826-8336-EFAC44ED4157}.Debug|Any CPU.Build.0 = Debug|Any CPU
		{42CC6EA6-ACFC-4826-8336-EFAC44ED4157}.Release|Any CPU.ActiveCfg = Release|Any CPU
		{42CC6EA6-ACFC-4826-8336-EFAC44ED4157}.Release|Any CPU.Build.0 = Release|Any CPU
		{53B984C2-8F9D-46CC-8098-7FDE889B822F}.Debug|Any CPU.ActiveCfg = Debug|Any CPU
		{53B984C2-8F9D-46CC-8098-7FDE889B822F}.Debug|Any CPU.Build.0 = Debug|Any CPU
		{53B984C2-8F9D-46CC-8098-7FDE889B822F}.Release|Any CPU.ActiveCfg = Release|Any CPU
		{53B984C2-8F9D-46CC-8098-7FDE889B822F}.Release|Any CPU.Build.0 = Release|Any CPU
		{0AC49613-1F37-4517-B4F8-F0B134A9AB07}.Debug|Any CPU.ActiveCfg = Debug|Any CPU
		{0AC49613-1F37-4517-B4F8-F0B134A9AB07}.Debug|Any CPU.Build.0 = Debug|Any CPU
		{0AC49613-1F37-4517-B4F8-F0B134A9AB07}.Release|Any CPU.ActiveCfg = Release|Any CPU
		{0AC49613-1F37-4517-B4F8-F0B134A9AB07}.Release|Any CPU.Build.0 = Release|Any CPU
		{1B216B8A-2D63-420B-8218-C4E322515F7B}.Debug|Any CPU.ActiveCfg = Debug|Any CPU
		{1B216B8A-2D63-420B-8218-C4E322515F7B}.Debug|Any CPU.Build.0 = Debug|Any CPU
		{1B216B8A-2D63-420B-8218-C4E322515F7B}.Release|Any CPU.ActiveCfg = Release|Any CPU
		{1B216B8A-2D63-420B-8218-C4E322515F7B}.Release|Any CPU.Build.0 = Release|Any CPU
	EndGlobalSection
	GlobalSection(SolutionProperties) = preSolution
		HideSolutionNode = FALSE
	EndGlobalSection
	GlobalSection(ExtensibilityGlobals) = postSolution
		SolutionGuid = {75276C4F-9FC2-423F-8307-D16E09E5E416}
	EndGlobalSection
EndGlobal
